
Microsoft Visual Studio Solution File, Format Version 12.00
# Visual Studio 14
VisualStudioVersion = 14.0.24720.0
MinimumVisualStudioVersion = 10.0.40219.1
Project("{FAE04EC0-301F-11D3-BF4B-00C04F79EFBC}") = "RESAT", "RESAT\RESAT.csproj", "{AF9DF9B6-4FDF-4E6C-85E2-50D1DAEB56CA}"
EndProject
Global
	GlobalSection(SolutionConfigurationPlatforms) = preSolution
		Debug|Any CPU = Debug|Any CPU
		Release|Any CPU = Release|Any CPU
	EndGlobalSection
	GlobalSection(ProjectConfigurationPlatforms) = postSolution
		{AF9DF9B6-4FDF-4E6C-85E2-50D1DAEB56CA}.Debug|Any CPU.ActiveCfg = Debug|Any CPU
		{AF9DF9B6-4FDF-4E6C-85E2-50D1DAEB56CA}.Debug|Any CPU.Build.0 = Debug|Any CPU
		{AF9DF9B6-4FDF-4E6C-85E2-50D1DAEB56CA}.Release|Any CPU.ActiveCfg = Release|Any CPU
		{AF9DF9B6-4FDF-4E6C-85E2-50D1DAEB56CA}.Release|Any CPU.Build.0 = Release|Any CPU
	EndGlobalSection
	GlobalSection(SolutionProperties) = preSolution
		HideSolutionNode = FALSE
	EndGlobalSection
EndGlobal
